#MicroXplorer Configuration settings - do not modify
File.Version=6
GPIO.groupedBy=Group By Peripherals
I2S1.ErrorAudioFreq=0.0 %
I2S1.FullDuplexMode=I2S_FULLDUPLEXMODE_DISABLE
I2S1.IPParameters=Instance,VirtualMode,FullDuplexMode,RealAudioFreq,ErrorAudioFreq
I2S1.Instance=SPI$Index
I2S1.RealAudioFreq=8.0 KHz
I2S1.VirtualMode=I2S_MODE_MASTER
I2S2.AudioFreq=I2S_AUDIOFREQ_96K
I2S2.DataFormat=I2S_DATAFORMAT_24B
I2S2.ErrorAudioFreq=0.0 %
I2S2.FullDuplexMode=I2S_FULLDUPLEXMODE_DISABLE
I2S2.IPParameters=Instance,VirtualMode,FullDuplexMode,RealAudioFreq,ErrorAudioFreq,AudioFreq,DataFormat
I2S2.Instance=SPI$Index
I2S2.RealAudioFreq=96.0 KHz
I2S2.VirtualMode=I2S_MODE_MASTER
KeepUserPlacement=false
Mcu.Family=STM32F4
Mcu.IP0=HDMI_CEC
Mcu.IP1=I2C1
Mcu.IP10=USB_OTG_FS
Mcu.IP2=I2S1
Mcu.IP3=I2S2
Mcu.IP4=NVIC
Mcu.IP5=RCC
Mcu.IP6=SAI1
Mcu.IP7=SPDIFRX
Mcu.IP8=SYS
Mcu.IP9=USART3
Mcu.IPNb=11
Mcu.Name=STM32F446R(C-E)Tx
Mcu.Package=LQFP64
Mcu.Pin0=PH0-OSC_IN
Mcu.Pin1=PH1-OSC_OUT
Mcu.Pin10=PC4
Mcu.Pin11=PC5
Mcu.Pin12=PB10
Mcu.Pin13=PB12
Mcu.Pin14=PB13
Mcu.Pin15=PC7
Mcu.Pin16=PC9
Mcu.Pin17=PA8
Mcu.Pin18=PA9
Mcu.Pin19=PA11
Mcu.Pin2=PC0
Mcu.Pin20=PA12
Mcu.Pin21=PA13
Mcu.Pin22=PA14
Mcu.Pin23=PA15
Mcu.Pin24=PC10
Mcu.Pin25=PC11
Mcu.Pin26=PB4
Mcu.Pin27=PB6
Mcu.Pin28=PB7
Mcu.Pin29=PB9
Mcu.Pin3=PC1
Mcu.Pin30=VP_SYS_VS_Systick
Mcu.Pin4=PC3
Mcu.Pin5=PA3
Mcu.Pin6=PA4
Mcu.Pin7=PA5
Mcu.Pin8=PA6
Mcu.Pin9=PA7
Mcu.PinsNb=31
Mcu.ThirdPartyNb=0
Mcu.UserConstants=
Mcu.UserName=STM32F446RETx
MxCube.Version=6.1.0
MxDb.Version=DB.6.0.10
NVIC.BusFault_IRQn=true\:0\:0\:false\:false\:true\:false\:false
NVIC.CEC_IRQn=true\:0\:0\:false\:false\:true\:false\:true
NVIC.DebugMonitor_IRQn=true\:0\:0\:false\:false\:true\:false\:false
NVIC.ForceEnableDMAVector=true
NVIC.HardFault_IRQn=true\:0\:0\:false\:false\:true\:false\:false
NVIC.MemoryManagement_IRQn=true\:0\:0\:false\:false\:true\:false\:false
NVIC.NonMaskableInt_IRQn=true\:0\:0\:false\:false\:true\:false\:false
NVIC.PendSV_IRQn=true\:0\:0\:false\:false\:true\:false\:false
NVIC.PriorityGroup=NVIC_PRIORITYGROUP_4
NVIC.SVCall_IRQn=true\:0\:0\:false\:false\:true\:false\:false
NVIC.SysTick_IRQn=true\:0\:0\:false\:false\:true\:false\:true
NVIC.UsageFault_IRQn=true\:0\:0\:false\:false\:true\:false\:false
PA11.Mode=Device_Only
PA11.Signal=USB_OTG_FS_DM
PA12.Mode=Device_Only
PA12.Signal=USB_OTG_FS_DP
PA13.Mode=Serial_Wire
PA13.Signal=SYS_JTMS-SWDIO
PA14.Mode=Serial_Wire
PA14.Signal=SYS_JTCK-SWCLK
PA15.Locked=true
PA15.Mode=CEC_Activate
PA15.Signal=CEC
PA3.Mode=SAI_A_AsyncSlave
PA3.Signal=SAI1_FS_A
PA4.Mode=Half_Duplex_Master
PA4.Signal=I2S1_WS
PA5.Mode=Half_Duplex_Master
PA5.Signal=I2S1_CK
PA6.Mode=Master_Clock_Activated
PA6.Signal=I2S2_MCK
PA7.Mode=Half_Duplex_Master
PA7.Signal=I2S1_SD
PA8.Mode=Clock-out-1
PA8.Signal=RCC_MCO_1
PA9.Mode=SAI_B_MasterWithClock
PA9.Signal=SAI1_SD_B
PB10.Mode=SAI_A_AsyncSlave
PB10.Signal=SAI1_SCK_A
PB12.Mode=SAI_B_MasterWithClock
PB12.Signal=SAI1_SCK_B
PB13.Mode=Half_Duplex_Master
PB13.Signal=I2S2_CK
PB4.Mode=Half_Duplex_Master
PB4.Signal=I2S2_WS
PB6.Locked=true
PB6.Mode=I2C
PB6.Signal=I2C1_SCL
PB7.Locked=true
PB7.Mode=I2C
PB7.Signal=I2C1_SDA
PB9.Mode=SAI_B_MasterWithClock
PB9.Signal=SAI1_FS_B
PC0.Mode=SAI_B_MasterWithClock
PC0.Signal=SAI1_MCLK_B
PC1.Locked=true
PC1.Mode=SAI_A_AsyncSlave
PC1.Signal=SAI1_SD_A
PC10.Mode=Asynchronous
PC10.Signal=USART3_TX
PC11.Mode=Asynchronous
PC11.Signal=USART3_RX
PC3.Mode=Half_Duplex_Master
PC3.Signal=I2S2_SD
PC4.Mode=IN2
PC4.Signal=SPDIFRX_IN2
PC5.Mode=IN3
PC5.Signal=SPDIFRX_IN3
PC7.Mode=IN1
PC7.Signal=SPDIFRX_IN1
PC9.Mode=Audio_ClockIn
PC9.Signal=I2S_CKIN
PH0-OSC_IN.Mode=HSE-External-Oscillator
PH0-OSC_IN.Signal=RCC_OSC_IN
PH1-OSC_OUT.Mode=HSE-External-Oscillator
PH1-OSC_OUT.Signal=RCC_OSC_OUT
PinOutPanel.RotationAngle=0
ProjectManager.AskForMigrate=true
ProjectManager.BackupPrevious=false
ProjectManager.CompilerOptimize=6
ProjectManager.ComputerToolchain=false
ProjectManager.CoupleFile=false
ProjectManager.CustomerFirmwarePackage=
ProjectManager.DefaultFWLocation=true
ProjectManager.DeletePrevious=true
ProjectManager.DeviceId=STM32F446RETx
ProjectManager.FirmwarePackage=STM32Cube FW_F4 V1.25.2
ProjectManager.FreePins=false
ProjectManager.HalAssertFull=false
ProjectManager.HeapSize=0x200
ProjectManager.KeepUserCode=true
ProjectManager.LastFirmware=true
ProjectManager.LibraryCopy=1
ProjectManager.MainLocation=Core/Src
ProjectManager.NoMain=false
ProjectManager.PreviousToolchain=
ProjectManager.ProjectBuild=false
ProjectManager.ProjectFileName=pooky.ioc
ProjectManager.ProjectName=pooky
ProjectManager.RegisterCallBack=
ProjectManager.StackSize=0x400
ProjectManager.TargetToolchain=STM32CubeIDE
ProjectManager.ToolChainLocation=
ProjectManager.UnderRoot=true
ProjectManager.functionlistsort=1-MX_GPIO_Init-GPIO-false-HAL-true,2-SystemClock_Config-RCC-false-HAL-false,3-MX_HDMI_CEC_Init-HDMI_CEC-false-HAL-true,4-MX_I2C1_Init-I2C1-false-HAL-true,5-MX_I2S1_Init-I2S1-false-HAL-true,6-MX_USART3_UART_Init-USART3-false-HAL-true,7-MX_USB_OTG_FS_PCD_Init-USB_OTG_FS-false-HAL-true,8-MX_SAI1_Init-SAI1-false-HAL-true,9-MX_I2S2_Init-I2S2-false-HAL-true,10-MX_SPDIFRX_Init-SPDIFRX-false-HAL-true
RCC.AHBFreq_Value=50000000
RCC.APB1CLKDivider=RCC_HCLK_DIV2
RCC.APB1Freq_Value=25000000
RCC.APB1TimFreq_Value=50000000
RCC.APB2Freq_Value=50000000
RCC.APB2TimFreq_Value=50000000
RCC.CECFreq_Value=32786.88524590164
RCC.CortexFreq_Value=50000000
RCC.EXTERNAL_CLOCK_VALUE=98304000
RCC.FCLKCortexFreq_Value=50000000
RCC.FMPI2C1Freq_Value=25000000
RCC.FamilyName=M
RCC.HCLKFreq_Value=50000000
RCC.HSE_VALUE=8000000
RCC.I2S1CLockSelection=RCC_I2SAPB1CLKSOURCE_EXT
RCC.I2S1Freq_Value=98304000
RCC.I2S2CLockSelection=RCC_I2SAPB2CLKSOURCE_EXT
RCC.I2S2Freq_Value=98304000
RCC.IPParameters=AHBFreq_Value,APB1CLKDivider,APB1Freq_Value,APB1TimFreq_Value,APB2Freq_Value,APB2TimFreq_Value,CECFreq_Value,CortexFreq_Value,EXTERNAL_CLOCK_VALUE,FCLKCortexFreq_Value,FMPI2C1Freq_Value,FamilyName,HCLKFreq_Value,HSE_VALUE,I2S1CLockSelection,I2S1Freq_Value,I2S2CLockSelection,I2S2Freq_Value,MCO1PinFreq_Value,MCO2PinFreq_Value,PLLCLKFreq_Value,PLLI2SM,PLLI2SPCLKFreq_Value,PLLI2SQCLKFreq_Value,PLLI2SRCLKFreq_Value,PLLI2SoutputFreq_Value,PLLM,PLLN,PLLQ,PLLQCLKFreq_Value,PLLRCLKFreq_Value,PLLSAIM,PLLSAIN,PLLSAIP,PLLSAIPCLKFreq_Value,PLLSAIQCLKFreq_Value,PLLSAIoutputFreq_Value,PWRFreq_Value,SAIACLockSelection,SAIAFreq_Value,SAIBFreq_Value,SDIOFreq_Value,SPDIFRXFreq_Value,SYSCLKFreq_VALUE,SYSCLKSource,USBCLockSelection,USBFreq_Value,VCOI2SInputFreq_Value,VCOI2SOutputFreq_Value,VCOInputFreq_Value,VCOOutputFreq_Value,VCOSAIInputFreq_Value,VCOSAIOutputFreq_Value
RCC.MCO1PinFreq_Value=16000000
RCC.MCO2PinFreq_Value=50000000
RCC.PLLCLKFreq_Value=50000000
RCC.PLLI2SM=4
RCC.PLLI2SPCLKFreq_Value=192000000
RCC.PLLI2SQCLKFreq_Value=192000000
RCC.PLLI2SRCLKFreq_Value=192000000
RCC.PLLI2SoutputFreq_Value=192000000
RCC.PLLM=4
RCC.PLLN=50
RCC.PLLQ=3
RCC.PLLQCLKFreq_Value=33333333.333333332
RCC.PLLRCLKFreq_Value=50000000
RCC.PLLSAIM=4
RCC.PLLSAIN=96
RCC.PLLSAIP=RCC_PLLSAIP_DIV4
RCC.PLLSAIPCLKFreq_Value=48000000
RCC.PLLSAIQCLKFreq_Value=96000000
RCC.PLLSAIoutputFreq_Value=48000000
RCC.PWRFreq_Value=50000000
RCC.SAIACLockSelection=RCC_SAI1CLKSOURCE_EXT
RCC.SAIAFreq_Value=98304000
RCC.SAIBFreq_Value=96000000
RCC.SDIOFreq_Value=48000000
RCC.SPDIFRXFreq_Value=50000000
RCC.SYSCLKFreq_VALUE=50000000
RCC.SYSCLKSource=RCC_SYSCLKSOURCE_PLLCLK
RCC.USBCLockSelection=RCC_CLK48CLKSOURCE_PLLSAIP
RCC.USBFreq_Value=48000000
RCC.VCOI2SInputFreq_Value=2000000
RCC.VCOI2SOutputFreq_Value=384000000
RCC.VCOInputFreq_Value=2000000
RCC.VCOOutputFreq_Value=100000000
RCC.VCOSAIInputFreq_Value=2000000
RCC.VCOSAIOutputFreq_Value=192000000
SAI1.ErrorAudioFreq-SAI_B_MasterWithClock=0.0 %
SAI1.IPParameters=Instance-SAI_A_AsyncSlave,VirtualMode-SAI_A_AsyncSlave,Instance-SAI_B_MasterWithClock,VirtualMode-SAI_B_MasterWithClock,MClockEnable-SAI_B_MasterWithClock,RealAudioFreq-SAI_B_MasterWithClock,ErrorAudioFreq-SAI_B_MasterWithClock
SAI1.Instance-SAI_A_AsyncSlave=SAI$Index_Block_A
SAI1.Instance-SAI_B_MasterWithClock=SAI$Index_Block_B
SAI1.MClockEnable-SAI_B_MasterWithClock=SAI_MASTERCLOCK_ENABLE
SAI1.RealAudioFreq-SAI_B_MasterWithClock=192.0 KHz
SAI1.VirtualMode-SAI_A_AsyncSlave=VM_SLAVE
SAI1.VirtualMode-SAI_B_MasterWithClock=VM_MASTER
USART3.IPParameters=VirtualMode
USART3.VirtualMode=VM_ASYNC
USB_OTG_FS.IPParameters=VirtualMode
USB_OTG_FS.VirtualMode=Device_Only
VP_SYS_VS_Systick.Mode=SysTick
VP_SYS_VS_Systick.Signal=SYS_VS_Systick
board=custom
isbadioc=false
